github.com/zeebo/xxh3 v0.8.2 h1:8V3CL8YrAiyCw8W9fN8CsZsknxMrbVaLEDva6+ajFUw=
github.com/zeebo/xxh3 v0.8.2/go.mod h1:AQY73TOrhF3jNsdiM9zZOb8MThrYbZONHj7ryDBaLpg=
github.com/zeebo/xxh3 v0.9.0 h1:70QX3PvmiP6a6ZWaaZMxXjRyIMCqf//9JDXf8zIhqmY=
github.com/zeebo/xxh3 v0.9.0/go.mod h1:AQY73TOrhF3jNsdiM9zZOb8MThrYbZONHj7ryDBaLpg=
golang.org/x/sys v0.0.0-20200727154430-2d971f7391a4 h1:gtF+PUC1CD1a9ocwQHbVNXuTp6RQsAYt6tpi6zjT81Y=
golang.org/x/sys v0.0.0-20200727154430-2d971f7391a4/go.mod h1:h1NjWce9XRLGQEsW7wpKNCjG9DtNlClVuFLEZdDNbEs=
golang.org/x/sys v0.0.0-20201029080932-201ba4db2418 h1:HlFl4V6pEMziuLXyRkm5BIYq1y1GAbb02pRlWvI54OM=
golang.org/x/sys v0.0.0-20201029080932-201ba4db2418/go.mod h1:h1NjWce9XRLGQEsW7wpKNCjG9DtNlClVuFLEZdDNbEs=
golang.org/x/sys v0.0.0-20201221093633-bc327ba9c2f0 h1:n+DPcgTwkgWzIFpLmoimYR2K2b0Ga5+Os4kayIN0vGo=
golang.org/x/sys v0.0.0-20201221093633-bc327ba9c2f0/go.mod h1:h1NjWce9XRLGQEsW7wpKNCjG9DtNlClVuFLEZdDNbEs=
